
Microsoft Visual Studio Solution File, Format Version 12.00
# Visual Studio Version 16
VisualStudioVersion = 16.0.30804.86
MinimumVisualStudioVersion = 10.0.40219.1
Project("{FAE04EC0-301F-11D3-BF4B-00C04F79EFBC}") = "etcslogin", "etcslogin\etcslogin.csproj", "{328A5DD2-642A-4A3C-8144-E6A0E92CC020}"
EndProject
Global
	GlobalSection(SolutionConfigurationPlatforms) = preSolution
		Debug|Any CPU = Debug|Any CPU
		Release|Any CPU = Release|Any CPU
	EndGlobalSection
	GlobalSection(ProjectConfigurationPlatforms) = postSolution
		{328A5DD2-642A-4A3C-8144-E6A0E92CC020}.Debug|Any CPU.ActiveCfg = Debug|Any CPU
		{328A5DD2-642A-4A3C-8144-E6A0E92CC020}.Debug|Any CPU.Build.0 = Debug|Any CPU
		{328A5DD2-642A-4A3C-8144-E6A0E92CC020}.Release|Any CPU.ActiveCfg = Release|Any CPU
		{328A5DD2-642A-4A3C-8144-E6A0E92CC020}.Release|Any CPU.Build.0 = Release|Any CPU
	EndGlobalSection
	GlobalSection(SolutionProperties) = preSolution
		HideSolutionNode = FALSE
	EndGlobalSection
	GlobalSection(ExtensibilityGlobals) = postSolution
		SolutionGuid = {B72626B1-0B59-4C96-BF8E-269B2EBD1299}
	EndGlobalSection
EndGlobal
